
Microsoft Visual Studio Solution File, Format Version 12.00
# Visual Studio Version 17
VisualStudioVersion = 17.9.34616.47
MinimumVisualStudioVersion = 10.0.40219.1
Project("{2150E333-8FDC-42A3-9474-1A3956D46DE8}") = "CreationalPatterns", "CreationalPatterns", "{46331701-384B-4177-AC50-603DF4246F69}"
EndProject
Project("{2150E333-8FDC-42A3-9474-1A3956D46DE8}") = "BehavioralPatterns", "BehavioralPatterns", "{22F2A14C-F024-4003-9DD9-D7382CD79C48}"
EndProject
Project("{9A19103F-16F7-4668-BE54-9A1E7A4F7556}") = "SingletonPattern", "CreationalPatterns\SingletonPattern\SingletonPattern.csproj", "{D997301A-C051-4195-A15B-7FCE24ED99F1}"
EndProject
Project("{2150E333-8FDC-42A3-9474-1A3956D46DE8}") = "StructuralPatterns", "StructuralPatterns", "{CC119333-8FDF-4A37-A039-212B93CBF552}"
EndProject
Project("{9A19103F-16F7-4668-BE54-9A1E7A4F7556}") = "AdapterPattern", "StructuralPatterns\AdapterPattern\AdapterPattern.csproj", "{09C65A14-470E-4BD8-A712-7BD77EB310DE}"
EndProject
Project("{9A19103F-16F7-4668-BE54-9A1E7A4F7556}") = "BridgePattern", "StructuralPatterns\BridgePattern\BridgePattern.csproj", "{7511EEB9-06F6-40A8-A4A8-9548BF5414A6}"
EndProject
Project("{9A19103F-16F7-4668-BE54-9A1E7A4F7556}") = "CompositePattern", "StructuralPatterns\CompositePattern\CompositePattern.csproj", "{3FB81477-DE77-44EE-92A6-0D8E05C03259}"
EndProject
Project("{9A19103F-16F7-4668-BE54-9A1E7A4F7556}") = "DecoratorPattern", "StructuralPatterns\DecoratorPattern\DecoratorPattern.csproj", "{9FCD2D44-190E-45E7-A49C-75E6A7E9018C}"
EndProject
Project("{9A19103F-16F7-4668-BE54-9A1E7A4F7556}") = "FacadePattern", "StructuralPatterns\FacadePattern\FacadePattern.csproj", "{A3834113-FA00-419A-AD1D-BE58426E736E}"
EndProject
Project("{9A19103F-16F7-4668-BE54-9A1E7A4F7556}") = "FlyweightPattern", "StructuralPatterns\FlyweightPattern\FlyweightPattern.csproj", "{60BE1655-E62C-460A-BB24-435C71C92293}"
EndProject
Project("{9A19103F-16F7-4668-BE54-9A1E7A4F7556}") = "ProxyPattern", "StructuralPatterns\ProxyPattern\ProxyPattern.csproj", "{27BEC73D-F57C-4060-89D3-14FB7A8B98EE}"
EndProject
Project("{9A19103F-16F7-4668-BE54-9A1E7A4F7556}") = "FactoryPattern", "CreationalPatterns\FactoryPattern\FactoryPattern.csproj", "{EE2E2425-A336-4323-95EB-8BF16375AF5F}"
EndProject
Project("{9A19103F-16F7-4668-BE54-9A1E7A4F7556}") = "AbstractFactoryPattern", "CreationalPatterns\AbstractFactoryPattern\AbstractFactoryPattern.csproj", "{A62C66F3-4F0A-4C40-A8C8-EFACEDDDDFF1}"
EndProject
Project("{9A19103F-16F7-4668-BE54-9A1E7A4F7556}") = "BuilderPattern", "CreationalPatterns\BuilderPattern\BuilderPattern.csproj", "{6061C288-FF61-4EFA-BC74-28770AB229AB}"
EndProject
Project("{9A19103F-16F7-4668-BE54-9A1E7A4F7556}") = "PrototypePattern", "CreationalPatterns\PrototypePattern\PrototypePattern.csproj", "{BCBBCCDC-A3C2-4F61-B7BD-1ACDE2D69BFB}"
EndProject
Project("{9A19103F-16F7-4668-BE54-9A1E7A4F7556}") = "ObserverPattern", "BehavioralPatterns\ObserverPattern\ObserverPattern.csproj", "{982A1609-9624-4CD1-B995-71CFDB16FEA9}"
EndProject
Project("{9A19103F-16F7-4668-BE54-9A1E7A4F7556}") = "StrategyPattern", "BehavioralPatterns\StrategyPattern\StrategyPattern.csproj", "{1EB7CF0E-7D5F-415B-82A4-1A6F5D547D5A}"
EndProject
Project("{9A19103F-16F7-4668-BE54-9A1E7A4F7556}") = "CommandPattern", "BehavioralPatterns\CommandPattern\CommandPattern.csproj", "{E0A20E6F-15FC-4C31-AB0E-08E08DA825FA}"
EndProject
Project("{9A19103F-16F7-4668-BE54-9A1E7A4F7556}") = "IteratorPattern", "BehavioralPatterns\IteratorPattern\IteratorPattern.csproj", "{B72F09EC-45A3-44B5-A30F-993B1019511C}"
EndProject
Project("{2150E333-8FDC-42A3-9474-1A3956D46DE8}") = "_docs", "_docs", "{D9F4F9F2-0896-4675-91F8-0773D3BB0A89}"
	ProjectSection(SolutionItems) = preProject
		chain-of-responsibility-pattern.md = chain-of-responsibility-pattern.md
		_docs\diagramIteratorPattern.png = _docs\diagramIteratorPattern.png
		_docs\diagramVisitorPattern.png = _docs\diagramVisitorPattern.png
		_docs\iterator-pattern.md = _docs\iterator-pattern.md
		visitor-pattern.md = visitor-pattern.md
	EndProjectSection
EndProject
Project("{FAE04EC0-301F-11D3-BF4B-00C04F79EFBC}") = "ChainOfResponsibilityPattern", "BehavioralPatterns\ChainOfResponsibilityPattern\ChainOfResponsibilityPattern.csproj", "{AF6E5FF4-6876-442C-8A74-54C752820EB0}"
EndProject
Project("{FAE04EC0-301F-11D3-BF4B-00C04F79EFBC}") = "VisitorPattern", "BehavioralPatterns\VisitorPattern\VisitorPattern.csproj", "{DCE767A9-4814-4B8D-B090-5959D2EDC6BC}"
EndProject
Global
	GlobalSection(SolutionConfigurationPlatforms) = preSolution
		Debug|Any CPU = Debug|Any CPU
		Release|Any CPU = Release|Any CPU
	EndGlobalSection
	GlobalSection(ProjectConfigurationPlatforms) = postSolution
		{D997301A-C051-4195-A15B-7FCE24ED99F1}.Debug|Any CPU.ActiveCfg = Debug|Any CPU
		{D997301A-C051-4195-A15B-7FCE24ED99F1}.Debug|Any CPU.Build.0 = Debug|Any CPU
		{D997301A-C051-4195-A15B-7FCE24ED99F1}.Release|Any CPU.ActiveCfg = Release|Any CPU
		{D997301A-C051-4195-A15B-7FCE24ED99F1}.Release|Any CPU.Build.0 = Release|Any CPU
		{09C65A14-470E-4BD8-A712-7BD77EB310DE}.Debug|Any CPU.ActiveCfg = Debug|Any CPU
		{09C65A14-470E-4BD8-A712-7BD77EB310DE}.Debug|Any CPU.Build.0 = Debug|Any CPU
		{09C65A14-470E-4BD8-A712-7BD77EB310DE}.Release|Any CPU.ActiveCfg = Release|Any CPU
		{09C65A14-470E-4BD8-A712-7BD77EB310DE}.Release|Any CPU.Build.0 = Release|Any CPU
		{7511EEB9-06F6-40A8-A4A8-9548BF5414A6}.Debug|Any CPU.ActiveCfg = Debug|Any CPU
		{7511EEB9-06F6-40A8-A4A8-9548BF5414A6}.Debug|Any CPU.Build.0 = Debug|Any CPU
		{7511EEB9-06F6-40A8-A4A8-9548BF5414A6}.Release|Any CPU.ActiveCfg = Release|Any CPU
		{7511EEB9-06F6-40A8-A4A8-9548BF5414A6}.Release|Any CPU.Build.0 = Release|Any CPU
		{3FB81477-DE77-44EE-92A6-0D8E05C03259}.Debug|Any CPU.ActiveCfg = Debug|Any CPU
		{3FB81477-DE77-44EE-92A6-0D8E05C03259}.Debug|Any CPU.Build.0 = Debug|Any CPU
		{3FB81477-DE77-44EE-92A6-0D8E05C03259}.Release|Any CPU.ActiveCfg = Release|Any CPU
		{3FB81477-DE77-44EE-92A6-0D8E05C03259}.Release|Any CPU.Build.0 = Release|Any CPU
		{9FCD2D44-190E-45E7-A49C-75E6A7E9018C}.Debug|Any CPU.ActiveCfg = Debug|Any CPU
		{9FCD2D44-190E-45E7-A49C-75E6A7E9018C}.Debug|Any CPU.Build.0 = Debug|Any CPU
		{9FCD2D44-190E-45E7-A49C-75E6A7E9018C}.Release|Any CPU.ActiveCfg = Release|Any CPU
		{9FCD2D44-190E-45E7-A49C-75E6A7E9018C}.Release|Any CPU.Build.0 = Release|Any CPU
		{A3834113-FA00-419A-AD1D-BE58426E736E}.Debug|Any CPU.ActiveCfg = Debug|Any CPU
		{A3834113-FA00-419A-AD1D-BE58426E736E}.Debug|Any CPU.Build.0 = Debug|Any CPU
		{A3834113-FA00-419A-AD1D-BE58426E736E}.Release|Any CPU.ActiveCfg = Release|Any CPU
		{A3834113-FA00-419A-AD1D-BE58426E736E}.Release|Any CPU.Build.0 = Release|Any CPU
		{60BE1655-E62C-460A-BB24-435C71C92293}.Debug|Any CPU.ActiveCfg = Debug|Any CPU
		{60BE1655-E62C-460A-BB24-435C71C92293}.Debug|Any CPU.Build.0 = Debug|Any CPU
		{60BE1655-E62C-460A-BB24-435C71C92293}.Release|Any CPU.ActiveCfg = Release|Any CPU
		{60BE1655-E62C-460A-BB24-435C71C92293}.Release|Any CPU.Build.0 = Release|Any CPU
		{27BEC73D-F57C-4060-89D3-14FB7A8B98EE}.Debug|Any CPU.ActiveCfg = Debug|Any CPU
		{27BEC73D-F57C-4060-89D3-14FB7A8B98EE}.Debug|Any CPU.Build.0 = Debug|Any CPU
		{27BEC73D-F57C-4060-89D3-14FB7A8B98EE}.Release|Any CPU.ActiveCfg = Release|Any CPU
		{27BEC73D-F57C-4060-89D3-14FB7A8B98EE}.Release|Any CPU.Build.0 = Release|Any CPU
		{EE2E2425-A336-4323-95EB-8BF16375AF5F}.Debug|Any CPU.ActiveCfg = Debug|Any CPU
		{EE2E2425-A336-4323-95EB-8BF16375AF5F}.Debug|Any CPU.Build.0 = Debug|Any CPU
		{EE2E2425-A336-4323-95EB-8BF16375AF5F}.Release|Any CPU.ActiveCfg = Release|Any CPU
		{EE2E2425-A336-4323-95EB-8BF16375AF5F}.Release|Any CPU.Build.0 = Release|Any CPU
		{A62C66F3-4F0A-4C40-A8C8-EFACEDDDDFF1}.Debug|Any CPU.ActiveCfg = Debug|Any CPU
		{A62C66F3-4F0A-4C40-A8C8-EFACEDDDDFF1}.Debug|Any CPU.Build.0 = Debug|Any CPU
		{A62C66F3-4F0A-4C40-A8C8-EFACEDDDDFF1}.Release|Any CPU.ActiveCfg = Release|Any CPU
		{A62C66F3-4F0A-4C40-A8C8-EFACEDDDDFF1}.Release|Any CPU.Build.0 = Release|Any CPU
		{6061C288-FF61-4EFA-BC74-28770AB229AB}.Debug|Any CPU.ActiveCfg = Debug|Any CPU
		{6061C288-FF61-4EFA-BC74-28770AB229AB}.Debug|Any CPU.Build.0 = Debug|Any CPU
		{6061C288-FF61-4EFA-BC74-28770AB229AB}.Release|Any CPU.ActiveCfg = Release|Any CPU
		{6061C288-FF61-4EFA-BC74-28770AB229AB}.Release|Any CPU.Build.0 = Release|Any CPU
		{BCBBCCDC-A3C2-4F61-B7BD-1ACDE2D69BFB}.Debug|Any CPU.ActiveCfg = Debug|Any CPU
		{BCBBCCDC-A3C2-4F61-B7BD-1ACDE2D69BFB}.Debug|Any CPU.Build.0 = Debug|Any CPU
		{BCBBCCDC-A3C2-4F61-B7BD-1ACDE2D69BFB}.Release|Any CPU.ActiveCfg = Release|Any CPU
		{BCBBCCDC-A3C2-4F61-B7BD-1ACDE2D69BFB}.Release|Any CPU.Build.0 = Release|Any CPU
		{982A1609-9624-4CD1-B995-71CFDB16FEA9}.Debug|Any CPU.ActiveCfg = Debug|Any CPU
		{982A1609-9624-4CD1-B995-71CFDB16FEA9}.Debug|Any CPU.Build.0 = Debug|Any CPU
		{982A1609-9624-4CD1-B995-71CFDB16FEA9}.Release|Any CPU.ActiveCfg = Release|Any CPU
		{982A1609-9624-4CD1-B995-71CFDB16FEA9}.Release|Any CPU.Build.0 = Release|Any CPU
		{1EB7CF0E-7D5F-415B-82A4-1A6F5D547D5A}.Debug|Any CPU.ActiveCfg = Debug|Any CPU
		{1EB7CF0E-7D5F-415B-82A4-1A6F5D547D5A}.Debug|Any CPU.Build.0 = Debug|Any CPU
		{1EB7CF0E-7D5F-415B-82A4-1A6F5D547D5A}.Release|Any CPU.ActiveCfg = Release|Any CPU
		{1EB7CF0E-7D5F-415B-82A4-1A6F5D547D5A}.Release|Any CPU.Build.0 = Release|Any CPU
		{E0A20E6F-15FC-4C31-AB0E-08E08DA825FA}.Debug|Any CPU.ActiveCfg = Debug|Any CPU
		{E0A20E6F-15FC-4C31-AB0E-08E08DA825FA}.Debug|Any CPU.Build.0 = Debug|Any CPU
		{E0A20E6F-15FC-4C31-AB0E-08E08DA825FA}.Release|Any CPU.ActiveCfg = Release|Any CPU
		{E0A20E6F-15FC-4C31-AB0E-08E08DA825FA}.Release|Any CPU.Build.0 = Release|Any CPU
		{B72F09EC-45A3-44B5-A30F-993B1019511C}.Debug|Any CPU.ActiveCfg = Debug|Any CPU
		{B72F09EC-45A3-44B5-A30F-993B1019511C}.Debug|Any CPU.Build.0 = Debug|Any CPU
		{B72F09EC-45A3-44B5-A30F-993B1019511C}.Release|Any CPU.ActiveCfg = Release|Any CPU
		{B72F09EC-45A3-44B5-A30F-993B1019511C}.Release|Any CPU.Build.0 = Release|Any CPU
		{AF6E5FF4-6876-442C-8A74-54C752820EB0}.Debug|Any CPU.ActiveCfg = Debug|Any CPU
		{AF6E5FF4-6876-442C-8A74-54C752820EB0}.Debug|Any CPU.Build.0 = Debug|Any CPU
		{AF6E5FF4-6876-442C-8A74-54C752820EB0}.Release|Any CPU.ActiveCfg = Release|Any CPU
		{AF6E5FF4-6876-442C-8A74-54C752820EB0}.Release|Any CPU.Build.0 = Release|Any CPU
		{DCE767A9-4814-4B8D-B090-5959D2EDC6BC}.Debug|Any CPU.ActiveCfg = Debug|Any CPU
		{DCE767A9-4814-4B8D-B090-5959D2EDC6BC}.Debug|Any CPU.Build.0 = Debug|Any CPU
		{DCE767A9-4814-4B8D-B090-5959D2EDC6BC}.Release|Any CPU.ActiveCfg = Release|Any CPU
		{DCE767A9-4814-4B8D-B090-5959D2EDC6BC}.Release|Any CPU.Build.0 = Release|Any CPU
	EndGlobalSection
	GlobalSection(SolutionProperties) = preSolution
		HideSolutionNode = FALSE
	EndGlobalSection
	GlobalSection(NestedProjects) = preSolution
		{D997301A-C051-4195-A15B-7FCE24ED99F1} = {46331701-384B-4177-AC50-603DF4246F69}
		{09C65A14-470E-4BD8-A712-7BD77EB310DE} = {CC119333-8FDF-4A37-A039-212B93CBF552}
		{7511EEB9-06F6-40A8-A4A8-9548BF5414A6} = {CC119333-8FDF-4A37-A039-212B93CBF552}
		{3FB81477-DE77-44EE-92A6-0D8E05C03259} = {CC119333-8FDF-4A37-A039-212B93CBF552}
		{9FCD2D44-190E-45E7-A49C-75E6A7E9018C} = {CC119333-8FDF-4A37-A039-212B93CBF552}
		{A3834113-FA00-419A-AD1D-BE58426E736E} = {CC119333-8FDF-4A37-A039-212B93CBF552}
		{60BE1655-E62C-460A-BB24-435C71C92293} = {CC119333-8FDF-4A37-A039-212B93CBF552}
		{27BEC73D-F57C-4060-89D3-14FB7A8B98EE} = {CC119333-8FDF-4A37-A039-212B93CBF552}
		{EE2E2425-A336-4323-95EB-8BF16375AF5F} = {46331701-384B-4177-AC50-603DF4246F69}
		{A62C66F3-4F0A-4C40-A8C8-EFACEDDDDFF1} = {46331701-384B-4177-AC50-603DF4246F69}
		{6061C288-FF61-4EFA-BC74-28770AB229AB} = {46331701-384B-4177-AC50-603DF4246F69}
		{BCBBCCDC-A3C2-4F61-B7BD-1ACDE2D69BFB} = {46331701-384B-4177-AC50-603DF4246F69}
		{982A1609-9624-4CD1-B995-71CFDB16FEA9} = {22F2A14C-F024-4003-9DD9-D7382CD79C48}
		{1EB7CF0E-7D5F-415B-82A4-1A6F5D547D5A} = {22F2A14C-F024-4003-9DD9-D7382CD79C48}
		{E0A20E6F-15FC-4C31-AB0E-08E08DA825FA} = {22F2A14C-F024-4003-9DD9-D7382CD79C48}
		{B72F09EC-45A3-44B5-A30F-993B1019511C} = {22F2A14C-F024-4003-9DD9-D7382CD79C48}
		{AF6E5FF4-6876-442C-8A74-54C752820EB0} = {22F2A14C-F024-4003-9DD9-D7382CD79C48}
		{DCE767A9-4814-4B8D-B090-5959D2EDC6BC} = {22F2A14C-F024-4003-9DD9-D7382CD79C48}
	EndGlobalSection
	GlobalSection(ExtensibilityGlobals) = postSolution
		SolutionGuid = {D1D50CB0-0B0D-4811-8FD2-DA9E2E6C055D}
	EndGlobalSection
EndGlobal
